
Microsoft Visual Studio Solution File, Format Version 12.00
# Visual Studio Version 17
VisualStudioVersion = 17.6.33815.320
MinimumVisualStudioVersion = 10.0.40219.1
Project("{FAE04EC0-301F-11D3-BF4B-00C04F79EFBC}") = "CodeFirstApprochCore6", "CodeFirstApprochCore6\CodeFirstApprochCore6.csproj", "{A3D70B30-9A3B-4591-B216-4CC64DF5B89E}"
EndProject
Global
	GlobalSection(SolutionConfigurationPlatforms) = preSolution
		Debug|Any CPU = Debug|Any CPU
		Release|Any CPU = Release|Any CPU
	EndGlobalSection
	GlobalSection(ProjectConfigurationPlatforms) = postSolution
		{A3D70B30-9A3B-4591-B216-4CC64DF5B89E}.Debug|Any CPU.ActiveCfg = Debug|Any CPU
		{A3D70B30-9A3B-4591-B216-4CC64DF5B89E}.Debug|Any CPU.Build.0 = Debug|Any CPU
		{A3D70B30-9A3B-4591-B216-4CC64DF5B89E}.Release|Any CPU.ActiveCfg = Release|Any CPU
		{A3D70B30-9A3B-4591-B216-4CC64DF5B89E}.Release|Any CPU.Build.0 = Release|Any CPU
	EndGlobalSection
	GlobalSection(SolutionProperties) = preSolution
		HideSolutionNode = FALSE
	EndGlobalSection
	GlobalSection(ExtensibilityGlobals) = postSolution
		SolutionGuid = {DCF458BC-0FAD-443D-B89C-481883AEB6B0}
	EndGlobalSection
EndGlobal
